
Microsoft Visual Studio Solution File, Format Version 12.00
# Visual Studio Version 17
VisualStudioVersion = 17.1.32319.34
MinimumVisualStudioVersion = 10.0.40219.1
Project("{FAE04EC0-301F-11D3-BF4B-00C04F79EFBC}") = "WindowsFormsA4-13ConBd", "WindowsFormsA4-13ConBd.csproj", "{3C657546-DB3A-40E9-A4B1-385F650A05E8}"
EndProject
Global
	GlobalSection(SolutionConfigurationPlatforms) = preSolution
		Debug|Any CPU = Debug|Any CPU
		Release|Any CPU = Release|Any CPU
	EndGlobalSection
	GlobalSection(ProjectConfigurationPlatforms) = postSolution
		{3C657546-DB3A-40E9-A4B1-385F650A05E8}.Debug|Any CPU.ActiveCfg = Debug|Any CPU
		{3C657546-DB3A-40E9-A4B1-385F650A05E8}.Debug|Any CPU.Build.0 = Debug|Any CPU
		{3C657546-DB3A-40E9-A4B1-385F650A05E8}.Release|Any CPU.ActiveCfg = Release|Any CPU
		{3C657546-DB3A-40E9-A4B1-385F650A05E8}.Release|Any CPU.Build.0 = Release|Any CPU
	EndGlobalSection
	GlobalSection(SolutionProperties) = preSolution
		HideSolutionNode = FALSE
	EndGlobalSection
	GlobalSection(ExtensibilityGlobals) = postSolution
		SolutionGuid = {63903A5F-C066-4EC4-BAD3-C9EE4C78DDBA}
	EndGlobalSection
EndGlobal
